// !$*UTF8*$!
{
	archiveVersion = 1;
	classes = {
	};
	objectVersion = 56;
	objects = {

/* Begin PBXBuildFile section */
		6E6ACD5729D1D50E00439257 /* AppDelegate.swift in Sources */ = {isa = PBXBuildFile; fileRef = 6E6ACD5629D1D50E00439257 /* AppDelegate.swift */; };
		6E6ACD5929D1D50E00439257 /* SceneDelegate.swift in Sources */ = {isa = PBXBuildFile; fileRef = 6E6ACD5829D1D50E00439257 /* SceneDelegate.swift */; };
		6E6ACD6029D1D51000439257 /* Assets.xcassets in Resources */ = {isa = PBXBuildFile; fileRef = 6E6ACD5F29D1D51000439257 /* Assets.xcassets */; };
		6E6ACD6329D1D51000439257 /* LaunchScreen.storyboard in Resources */ = {isa = PBXBuildFile; fileRef = 6E6ACD6129D1D51000439257 /* LaunchScreen.storyboard */; };
		6E6ACD6C29D1E10500439257 /* PureLayout in Frameworks */ = {isa = PBXBuildFile; productRef = 6E6ACD6B29D1E10500439257 /* PureLayout */; };
		6E6ACD6F29D1E1F200439257 /* MovieAppData in Frameworks */ = {isa = PBXBuildFile; productRef = 6E6ACD6E29D1E1F200439257 /* MovieAppData */; };
		6E6ACD7529D1F77500439257 /* LogInViewController.swift in Sources */ = {isa = PBXBuildFile; fileRef = 6E6ACD7429D1F77500439257 /* LogInViewController.swift */; };
		6E6ACD7929D9BFDC00439257 /* InputField.swift in Sources */ = {isa = PBXBuildFile; fileRef = 6E6ACD7829D9BFDC00439257 /* InputField.swift */; };
		6E6ACD7B29D9EB7500439257 /* MovieDetailsViewController.swift in Sources */ = {isa = PBXBuildFile; fileRef = 6E6ACD7A29D9EB7500439257 /* MovieDetailsViewController.swift */; };
		6E6ACD7D29DA14E500439257 /* MovieBanner.swift in Sources */ = {isa = PBXBuildFile; fileRef = 6E6ACD7C29DA14E500439257 /* MovieBanner.swift */; };
		6E71378729DA2AE900800976 /* CrewCell.swift in Sources */ = {isa = PBXBuildFile; fileRef = 6E71378629DA2AE900800976 /* CrewCell.swift */; };
/* End PBXBuildFile section */

/* Begin PBXFileReference section */
		6E6ACD5329D1D50E00439257 /* MovieApp.app */ = {isa = PBXFileReference; explicitFileType = wrapper.application; includeInIndex = 0; path = MovieApp.app; sourceTree = BUILT_PRODUCTS_DIR; };
		6E6ACD5629D1D50E00439257 /* AppDelegate.swift */ = {isa = PBXFileReference; lastKnownFileType = sourcecode.swift; path = AppDelegate.swift; sourceTree = "<group>"; };
		6E6ACD5829D1D50E00439257 /* SceneDelegate.swift */ = {isa = PBXFileReference; lastKnownFileType = sourcecode.swift; path = SceneDelegate.swift; sourceTree = "<group>"; };
		6E6ACD5F29D1D51000439257 /* Assets.xcassets */ = {isa = PBXFileReference; lastKnownFileType = folder.assetcatalog; path = Assets.xcassets; sourceTree = "<group>"; };
		6E6ACD6229D1D51000439257 /* Base */ = {isa = PBXFileReference; lastKnownFileType = file.storyboard; name = Base; path = Base.lproj/LaunchScreen.storyboard; sourceTree = "<group>"; };
		6E6ACD6429D1D51000439257 /* Info.plist */ = {isa = PBXFileReference; lastKnownFileType = text.plist.xml; path = Info.plist; sourceTree = "<group>"; };
		6E6ACD7429D1F77500439257 /* LogInViewController.swift */ = {isa = PBXFileReference; lastKnownFileType = sourcecode.swift; path = LogInViewController.swift; sourceTree = "<group>"; };
		6E6ACD7829D9BFDC00439257 /* InputField.swift */ = {isa = PBXFileReference; lastKnownFileType = sourcecode.swift; path = InputField.swift; sourceTree = "<group>"; };
		6E6ACD7A29D9EB7500439257 /* MovieDetailsViewController.swift */ = {isa = PBXFileReference; lastKnownFileType = sourcecode.swift; path = MovieDetailsViewController.swift; sourceTree = "<group>"; };
		6E6ACD7C29DA14E500439257 /* MovieBanner.swift */ = {isa = PBXFileReference; lastKnownFileType = sourcecode.swift; path = MovieBanner.swift; sourceTree = "<group>"; };
		6E71378629DA2AE900800976 /* CrewCell.swift */ = {isa = PBXFileReference; lastKnownFileType = sourcecode.swift; path = CrewCell.swift; sourceTree = "<group>"; };
/* End PBXFileReference section */

/* Begin PBXFrameworksBuildPhase section */
		6E6ACD5029D1D50E00439257 /* Frameworks */ = {
			isa = PBXFrameworksBuildPhase;
			buildActionMask = 2147483647;
			files = (
				6E6ACD6C29D1E10500439257 /* PureLayout in Frameworks */,
				6E6ACD6F29D1E1F200439257 /* MovieAppData in Frameworks */,
			);
			runOnlyForDeploymentPostprocessing = 0;
		};
/* End PBXFrameworksBuildPhase section */

/* Begin PBXGroup section */
		6E6ACD4A29D1D50E00439257 = {
			isa = PBXGroup;
			children = (
				6E6ACD5529D1D50E00439257 /* MovieApp */,
				6E6ACD5429D1D50E00439257 /* Products */,
			);
			sourceTree = "<group>";
		};
		6E6ACD5429D1D50E00439257 /* Products */ = {
			isa = PBXGroup;
			children = (
				6E6ACD5329D1D50E00439257 /* MovieApp.app */,
			);
			name = Products;
			sourceTree = "<group>";
		};
		6E6ACD5529D1D50E00439257 /* MovieApp */ = {
			isa = PBXGroup;
			children = (
				6E6ACD5629D1D50E00439257 /* AppDelegate.swift */,
				6E6ACD5829D1D50E00439257 /* SceneDelegate.swift */,
				6E6ACD5F29D1D51000439257 /* Assets.xcassets */,
				6E6ACD6129D1D51000439257 /* LaunchScreen.storyboard */,
				6E6ACD6429D1D51000439257 /* Info.plist */,
				6E6ACD7429D1F77500439257 /* LogInViewController.swift */,
				6E6ACD7829D9BFDC00439257 /* InputField.swift */,
				6E6ACD7A29D9EB7500439257 /* MovieDetailsViewController.swift */,
				6E6ACD7C29DA14E500439257 /* MovieBanner.swift */,
				6E71378629DA2AE900800976 /* CrewCell.swift */,
			);
			path = MovieApp;
			sourceTree = "<group>";
		};
/* End PBXGroup section */

/* Begin PBXNativeTarget section */
		6E6ACD5229D1D50E00439257 /* MovieApp */ = {
			isa = PBXNativeTarget;
			buildConfigurationList = 6E6ACD6729D1D51000439257 /* Build configuration list for PBXNativeTarget "MovieApp" */;
			buildPhases = (
				6E6ACD4F29D1D50E00439257 /* Sources */,
				6E6ACD5029D1D50E00439257 /* Frameworks */,
				6E6ACD5129D1D50E00439257 /* Resources */,
			);
			buildRules = (
			);
			dependencies = (
			);
			name = MovieApp;
			packageProductDependencies = (
				6E6ACD6B29D1E10500439257 /* PureLayout */,
				6E6ACD6E29D1E1F200439257 /* MovieAppData */,
			);
			productName = MovieApp;
			productReference = 6E6ACD5329D1D50E00439257 /* MovieApp.app */;
			productType = "com.apple.product-type.application";
		};
/* End PBXNativeTarget section */

/* Begin PBXProject section */
		6E6ACD4B29D1D50E00439257 /* Project object */ = {
			isa = PBXProject;
			attributes = {
				BuildIndependentTargetsInParallel = 1;
				LastSwiftUpdateCheck = 1420;
				LastUpgradeCheck = 1420;
				TargetAttributes = {
					6E6ACD5229D1D50E00439257 = {
						CreatedOnToolsVersion = 14.2;
					};
				};
			};
			buildConfigurationList = 6E6ACD4E29D1D50E00439257 /* Build configuration list for PBXProject "MovieApp" */;
			compatibilityVersion = "Xcode 14.0";
			developmentRegion = en;
			hasScannedForEncodings = 0;
			knownRegions = (
				en,
				Base,
			);
			mainGroup = 6E6ACD4A29D1D50E00439257;
			packageReferences = (
				6E6ACD6A29D1E10500439257 /* XCRemoteSwiftPackageReference "PureLayout" */,
				6E6ACD6D29D1E1F200439257 /* XCRemoteSwiftPackageReference "MovieAppData" */,
			);
			productRefGroup = 6E6ACD5429D1D50E00439257 /* Products */;
			projectDirPath = "";
			projectRoot = "";
			targets = (
				6E6ACD5229D1D50E00439257 /* MovieApp */,
			);
		};
/* End PBXProject section */

/* Begin PBXResourcesBuildPhase section */
		6E6ACD5129D1D50E00439257 /* Resources */ = {
			isa = PBXResourcesBuildPhase;
			buildActionMask = 2147483647;
			files = (
				6E6ACD6329D1D51000439257 /* LaunchScreen.storyboard in Resources */,
				6E6ACD6029D1D51000439257 /* Assets.xcassets in Resources */,
			);
			runOnlyForDeploymentPostprocessing = 0;
		};
/* End PBXResourcesBuildPhase section */

/* Begin PBXSourcesBuildPhase section */
		6E6ACD4F29D1D50E00439257 /* Sources */ = {
			isa = PBXSourcesBuildPhase;
			buildActionMask = 2147483647;
			files = (
				6E6ACD7B29D9EB7500439257 /* MovieDetailsViewController.swift in Sources */,
				6E6ACD7529D1F77500439257 /* LogInViewController.swift in Sources */,
				6E6ACD7D29DA14E500439257 /* MovieBanner.swift in Sources */,
				6E6ACD5729D1D50E00439257 /* AppDelegate.swift in Sources */,
				6E6ACD5929D1D50E00439257 /* SceneDelegate.swift in Sources */,
				6E71378729DA2AE900800976 /* CrewCell.swift in Sources */,
				6E6ACD7929D9BFDC00439257 /* InputField.swift in Sources */,
			);
			runOnlyForDeploymentPostprocessing = 0;
		};
/* End PBXSourcesBuildPhase section */

/* Begin PBXVariantGroup section */
		6E6ACD6129D1D51000439257 /* LaunchScreen.storyboard */ = {
			isa = PBXVariantGroup;
			children = (
				6E6ACD6229D1D51000439257 /* Base */,
			);
			name = LaunchScreen.storyboard;
			sourceTree = "<group>";
		};
/* End PBXVariantGroup section */

/* Begin XCBuildConfiguration section */
		6E6ACD6529D1D51000439257 /* Debug */ = {
			isa = XCBuildConfiguration;
			buildSettings = {
				ALWAYS_SEARCH_USER_PATHS = NO;
				CLANG_ANALYZER_NONNULL = YES;
				CLANG_ANALYZER_NUMBER_OBJECT_CONVERSION = YES_AGGRESSIVE;
				CLANG_CXX_LANGUAGE_STANDARD = "gnu++20";
				CLANG_ENABLE_MODULES = YES;
				CLANG_ENABLE_OBJC_ARC = YES;
				CLANG_ENABLE_OBJC_WEAK = YES;
				CLANG_WARN_BLOCK_CAPTURE_AUTORELEASING = YES;
				CLANG_WARN_BOOL_CONVERSION = YES;
				CLANG_WARN_COMMA = YES;
				CLANG_WARN_CONSTANT_CONVERSION = YES;
				CLANG_WARN_DEPRECATED_OBJC_IMPLEMENTATIONS = YES;
				CLANG_WARN_DIRECT_OBJC_ISA_USAGE = YES_ERROR;
				CLANG_WARN_DOCUMENTATION_COMMENTS = YES;
				CLANG_WARN_EMPTY_BODY = YES;
				CLANG_WARN_ENUM_CONVERSION = YES;
				CLANG_WARN_INFINITE_RECURSION = YES;
				CLANG_WARN_INT_CONVERSION = YES;
				CLANG_WARN_NON_LITERAL_NULL_CONVERSION = YES;
				CLANG_WARN_OBJC_IMPLICIT_RETAIN_SELF = YES;
				CLANG_WARN_OBJC_LITERAL_CONVERSION = YES;
				CLANG_WARN_OBJC_ROOT_CLASS = YES_ERROR;
				CLANG_WARN_QUOTED_INCLUDE_IN_FRAMEWORK_HEADER = YES;
				CLANG_WARN_RANGE_LOOP_ANALYSIS = YES;
				CLANG_WARN_STRICT_PROTOTYPES = YES;
				CLANG_WARN_SUSPICIOUS_MOVE = YES;
				CLANG_WARN_UNGUARDED_AVAILABILITY = YES_AGGRESSIVE;
				CLANG_WARN_UNREACHABLE_CODE = YES;
				CLANG_WARN__DUPLICATE_METHOD_MATCH = YES;
				COPY_PHASE_STRIP = NO;
				DEBUG_INFORMATION_FORMAT = dwarf;
				ENABLE_STRICT_OBJC_MSGSEND = YES;
				ENABLE_TESTABILITY = YES;
				GCC_C_LANGUAGE_STANDARD = gnu11;
				GCC_DYNAMIC_NO_PIC = NO;
				GCC_NO_COMMON_BLOCKS = YES;
				GCC_OPTIMIZATION_LEVEL = 0;
				GCC_PREPROCESSOR_DEFINITIONS = (
					"DEBUG=1",
					"$(inherited)",
				);
				GCC_WARN_64_TO_32_BIT_CONVERSION = YES;
				GCC_WARN_ABOUT_RETURN_TYPE = YES_ERROR;
				GCC_WARN_UNDECLARED_SELECTOR = YES;
				GCC_WARN_UNINITIALIZED_AUTOS = YES_AGGRESSIVE;
				GCC_WARN_UNUSED_FUNCTION = YES;
				GCC_WARN_UNUSED_VARIABLE = YES;
				IPHONEOS_DEPLOYMENT_TARGET = 16.2;
				MTL_ENABLE_DEBUG_INFO = INCLUDE_SOURCE;
				MTL_FAST_MATH = YES;
				ONLY_ACTIVE_ARCH = YES;
				SDKROOT = iphoneos;
				SWIFT_ACTIVE_COMPILATION_CONDITIONS = DEBUG;
				SWIFT_OPTIMIZATION_LEVEL = "-Onone";
			};
			name = Debug;
		};
		6E6ACD6629D1D51000439257 /* Release */ = {
			isa = XCBuildConfiguration;
			buildSettings = {
				ALWAYS_SEARCH_USER_PATHS = NO;
				CLANG_ANALYZER_NONNULL = YES;
				CLANG_ANALYZER_NUMBER_OBJECT_CONVERSION = YES_AGGRESSIVE;
				CLANG_CXX_LANGUAGE_STANDARD = "gnu++20";
				CLANG_ENABLE_MODULES = YES;
				CLANG_ENABLE_OBJC_ARC = YES;
				CLANG_ENABLE_OBJC_WEAK = YES;
				CLANG_WARN_BLOCK_CAPTURE_AUTORELEASING = YES;
				CLANG_WARN_BOOL_CONVERSION = YES;
				CLANG_WARN_COMMA = YES;
				CLANG_WARN_CONSTANT_CONVERSION = YES;
				CLANG_WARN_DEPRECATED_OBJC_IMPLEMENTATIONS = YES;
				CLANG_WARN_DIRECT_OBJC_ISA_USAGE = YES_ERROR;
				CLANG_WARN_DOCUMENTATION_COMMENTS = YES;
				CLANG_WARN_EMPTY_BODY = YES;
				CLANG_WARN_ENUM_CONVERSION = YES;
				CLANG_WARN_INFINITE_RECURSION = YES;
				CLANG_WARN_INT_CONVERSION = YES;
				CLANG_WARN_NON_LITERAL_NULL_CONVERSION = YES;
				CLANG_WARN_OBJC_IMPLICIT_RETAIN_SELF = YES;
				CLANG_WARN_OBJC_LITERAL_CONVERSION = YES;
				CLANG_WARN_OBJC_ROOT_CLASS = YES_ERROR;
				CLANG_WARN_QUOTED_INCLUDE_IN_FRAMEWORK_HEADER = YES;
				CLANG_WARN_RANGE_LOOP_ANALYSIS = YES;
				CLANG_WARN_STRICT_PROTOTYPES = YES;
				CLANG_WARN_SUSPICIOUS_MOVE = YES;
				CLANG_WARN_UNGUARDED_AVAILABILITY = YES_AGGRESSIVE;
				CLANG_WARN_UNREACHABLE_CODE = YES;
				CLANG_WARN__DUPLICATE_METHOD_MATCH = YES;
				COPY_PHASE_STRIP = NO;
				DEBUG_INFORMATION_FORMAT = "dwarf-with-dsym";
				ENABLE_NS_ASSERTIONS = NO;
				ENABLE_STRICT_OBJC_MSGSEND = YES;
				GCC_C_LANGUAGE_STANDARD = gnu11;
				GCC_NO_COMMON_BLOCKS = YES;
				GCC_WARN_64_TO_32_BIT_CONVERSION = YES;
				GCC_WARN_ABOUT_RETURN_TYPE = YES_ERROR;
				GCC_WARN_UNDECLARED_SELECTOR = YES;
				GCC_WARN_UNINITIALIZED_AUTOS = YES_AGGRESSIVE;
				GCC_WARN_UNUSED_FUNCTION = YES;
				GCC_WARN_UNUSED_VARIABLE = YES;
				IPHONEOS_DEPLOYMENT_TARGET = 16.2;
				MTL_ENABLE_DEBUG_INFO = NO;
				MTL_FAST_MATH = YES;
				SDKROOT = iphoneos;
				SWIFT_COMPILATION_MODE = wholemodule;
				SWIFT_OPTIMIZATION_LEVEL = "-O";
				VALIDATE_PRODUCT = YES;
			};
			name = Release;
		};
		6E6ACD6829D1D51000439257 /* Debug */ = {
			isa = XCBuildConfiguration;
			buildSettings = {
				ASSETCATALOG_COMPILER_APPICON_NAME = AppIcon;
				ASSETCATALOG_COMPILER_GLOBAL_ACCENT_COLOR_NAME = AccentColor;
				CODE_SIGN_STYLE = Automatic;
				CURRENT_PROJECT_VERSION = 1;
				GENERATE_INFOPLIST_FILE = YES;
				INFOPLIST_FILE = MovieApp/Info.plist;
				INFOPLIST_KEY_UIApplicationSupportsIndirectInputEvents = YES;
				INFOPLIST_KEY_UILaunchStoryboardName = LaunchScreen;
				INFOPLIST_KEY_UISupportedInterfaceOrientations_iPad = "UIInterfaceOrientationPortrait UIInterfaceOrientationPortraitUpsideDown UIInterfaceOrientationLandscapeLeft UIInterfaceOrientationLandscapeRight";
				INFOPLIST_KEY_UISupportedInterfaceOrientations_iPhone = "UIInterfaceOrientationPortrait UIInterfaceOrientationLandscapeLeft UIInterfaceOrientationLandscapeRight";
				LD_RUNPATH_SEARCH_PATHS = (
					"$(inherited)",
					"@executable_path/Frameworks",
				);
				MARKETING_VERSION = 1.0;
				PRODUCT_BUNDLE_IDENTIFIER = hr.fer.milanovic.andrea.MovieApp;
				PRODUCT_NAME = "$(TARGET_NAME)";
				SWIFT_EMIT_LOC_STRINGS = YES;
				SWIFT_VERSION = 5.0;
				TARGETED_DEVICE_FAMILY = "1,2";
			};
			name = Debug;
		};
		6E6ACD6929D1D51000439257 /* Release */ = {
			isa = XCBuildConfiguration;
			buildSettings = {
				ASSETCATALOG_COMPILER_APPICON_NAME = AppIcon;
				ASSETCATALOG_COMPILER_GLOBAL_ACCENT_COLOR_NAME = AccentColor;
				CODE_SIGN_STYLE = Automatic;
				CURRENT_PROJECT_VERSION = 1;
				GENERATE_INFOPLIST_FILE = YES;
				INFOPLIST_FILE = MovieApp/Info.plist;
				INFOPLIST_KEY_UIApplicationSupportsIndirectInputEvents = YES;
				INFOPLIST_KEY_UILaunchStoryboardName = LaunchScreen;
				INFOPLIST_KEY_UISupportedInterfaceOrientations_iPad = "UIInterfaceOrientationPortrait UIInterfaceOrientationPortraitUpsideDown UIInterfaceOrientationLandscapeLeft UIInterfaceOrientationLandscapeRight";
				INFOPLIST_KEY_UISupportedInterfaceOrientations_iPhone = "UIInterfaceOrientationPortrait UIInterfaceOrientationLandscapeLeft UIInterfaceOrientationLandscapeRight";
				LD_RUNPATH_SEARCH_PATHS = (
					"$(inherited)",
					"@executable_path/Frameworks",
				);
				MARKETING_VERSION = 1.0;
				PRODUCT_BUNDLE_IDENTIFIER = hr.fer.milanovic.andrea.MovieApp;
				PRODUCT_NAME = "$(TARGET_NAME)";
				SWIFT_EMIT_LOC_STRINGS = YES;
				SWIFT_VERSION = 5.0;
				TARGETED_DEVICE_FAMILY = "1,2";
			};
			name = Release;
		};
/* End XCBuildConfiguration section */

/* Begin XCConfigurationList section */
		6E6ACD4E29D1D50E00439257 /* Build configuration list for PBXProject "MovieApp" */ = {
			isa = XCConfigurationList;
			buildConfigurations = (
				6E6ACD6529D1D51000439257 /* Debug */,
				6E6ACD6629D1D51000439257 /* Release */,
			);
			defaultConfigurationIsVisible = 0;
			defaultConfigurationName = Release;
		};
		6E6ACD6729D1D51000439257 /* Build configuration list for PBXNativeTarget "MovieApp" */ = {
			isa = XCConfigurationList;
			buildConfigurations = (
				6E6ACD6829D1D51000439257 /* Debug */,
				6E6ACD6929D1D51000439257 /* Release */,
			);
			defaultConfigurationIsVisible = 0;
			defaultConfigurationName = Release;
		};
/* End XCConfigurationList section */

/* Begin XCRemoteSwiftPackageReference section */
		6E6ACD6A29D1E10500439257 /* XCRemoteSwiftPackageReference "PureLayout" */ = {
			isa = XCRemoteSwiftPackageReference;
			repositoryURL = "https://github.com/PureLayout/PureLayout.git";
			requirement = {
				kind = upToNextMajorVersion;
				minimumVersion = 3.0.0;
			};
		};
		6E6ACD6D29D1E1F200439257 /* XCRemoteSwiftPackageReference "MovieAppData" */ = {
			isa = XCRemoteSwiftPackageReference;
			repositoryURL = "https://github.com/fiveagency/MovieAppData";
			requirement = {
				kind = upToNextMajorVersion;
				minimumVersion = 2.0.0;
			};
		};
/* End XCRemoteSwiftPackageReference section */

/* Begin XCSwiftPackageProductDependency section */
		6E6ACD6B29D1E10500439257 /* PureLayout */ = {
			isa = XCSwiftPackageProductDependency;
			package = 6E6ACD6A29D1E10500439257 /* XCRemoteSwiftPackageReference "PureLayout" */;
			productName = PureLayout;
		};
		6E6ACD6E29D1E1F200439257 /* MovieAppData */ = {
			isa = XCSwiftPackageProductDependency;
			package = 6E6ACD6D29D1E1F200439257 /* XCRemoteSwiftPackageReference "MovieAppData" */;
			productName = MovieAppData;
		};
/* End XCSwiftPackageProductDependency section */
	};
	rootObject = 6E6ACD4B29D1D50E00439257 /* Project object */;
}
